{
  "nodes": {
    "cachyos-kernel": {
      "flake": false,
      "locked": {
        "lastModified": 1771517207,
        "narHash": "sha256-+zDtnmXNyMd3hMepErdPDZzqYS0PiZA0Anbbx9Pvs4g=",
        "owner": "CachyOS",
        "repo": "linux-cachyos",
        "rev": "39737576a25091a3c4ca00729b769a1f92ec98d5",
        "type": "github"
      },
      "original": {
        "owner": "CachyOS",
        "repo": "linux-cachyos",
        "type": "github"
      }
    },
    "cachyos-kernel-patches": {
      "flake": false,
      "locked": {
        "lastModified": 1771516433,
        "narHash": "sha256-SuockPZgd2bfjWGmdT8AUBTnBZWvxdA+b8Ss98lNC6c=",
        "owner": "CachyOS",
        "repo": "kernel-patches",
        "rev": "505aef2086e584ba683a5ac1cb8ed8252fea2cfd",
        "type": "github"
      },
      "original": {
        "owner": "CachyOS",
        "repo": "kernel-patches",
        "type": "github"
      }
    },
    "caelestia-cli": {
      "inputs": {
        "caelestia-shell": [
          "caelestia-shell"
        ],
        "nixpkgs": [
          "caelestia-shell",
          "nixpkgs"
        ]
      },
      "locked": {
        "lastModified": 1771987897,
        "narHash": "sha256-5pNQFGxG3fxS9pGnNBJjT76veotKIKq2XpAVFGAhCdI=",
        "owner": "caelestia-dots",
        "repo": "cli",
        "rev": "b0d68f0a1c48fa138d6fde94dcbecea801a86a01",
        "type": "github"
      },
      "original": {
        "owner": "caelestia-dots",
        "repo": "cli",
        "type": "github"
      }
    },
    "caelestia-shell": {
      "inputs": {
        "caelestia-cli": "caelestia-cli",
        "nixpkgs": [
          "nixpkgs"
        ],
        "quickshell": "quickshell"
      },
      "locked": {
        "lastModified": 1772179701,
        "narHash": "sha256-8nWWTh0qJpmCyrmXjDt69u4R899wi+Cdc3/ZphkpkPk=",
        "owner": "jesperls",
        "repo": "caelestia-shell",
        "rev": "32683e626f38ed2946bae49b1f811796ebdafde1",
        "type": "github"
      },
      "original": {
        "owner": "jesperls",
        "repo": "caelestia-shell",
        "type": "github"
      }
    },
    "deltatune": {
      "inputs": {
        "nixpkgs": [
          "nixpkgs"
        ]
      },
      "locked": {
        "lastModified": 1771006718,
        "narHash": "sha256-JvfBvMgUaALPCnhEXUqyXcurBVzKgddmNXsYr59IWYE=",
        "owner": "ThatOneCalculator",
        "repo": "deltatune-linux",
        "rev": "adbbbc06c54ededd30e9805580ccaece1044ecf2",
        "type": "github"
      },
      "original": {
        "owner": "ThatOneCalculator",
        "repo": "deltatune-linux",
        "type": "github"
      }
    },
    "flake-compat": {
      "flake": false,
      "locked": {
        "lastModified": 1767039857,
        "narHash": "sha256-vNpUSpF5Nuw8xvDLj2KCwwksIbjua2LZCqhV1LNRDns=",
        "owner": "NixOS",
        "repo": "flake-compat",
        "rev": "5edf11c44bc78a0d334f6334cdaf7d60d732daab",
        "type": "github"
      },
      "original": {
        "owner": "NixOS",
        "repo": "flake-compat",
        "type": "github"
      }
    },
    "flake-parts": {
      "inputs": {
        "nixpkgs-lib": "nixpkgs-lib"
      },
      "locked": {
        "lastModified": 1769996383,
        "narHash": "sha256-AnYjnFWgS49RlqX7LrC4uA+sCCDBj0Ry/WOJ5XWAsa0=",
        "owner": "hercules-ci",
        "repo": "flake-parts",
        "rev": "57928607ea566b5db3ad13af0e57e921e6b12381",
        "type": "github"
      },
      "original": {
        "owner": "hercules-ci",
        "repo": "flake-parts",
        "type": "github"
      }
    },
    "home-manager": {
      "inputs": {
        "nixpkgs": [
          "nixpkgs"
        ]
      },
      "locked": {
        "lastModified": 1772164835,
        "narHash": "sha256-zRcwrZDeBfYipqv/7K7TqsfPb87LFU6b7JhoNUGSnvQ=",
        "owner": "nix-community",
        "repo": "home-manager",
        "rev": "2a39b0828bbffce0d73769a61e46e780488d098b",
        "type": "github"
      },
      "original": {
        "owner": "nix-community",
        "repo": "home-manager",
        "type": "github"
      }
    },
    "myna": {
      "inputs": {
        "nixpkgs": [
          "nixpkgs"
        ],
        "quickshell": "quickshell_2"
      },
      "locked": {
        "lastModified": 1771452768,
        "narHash": "sha256-1WbwSXZjgXkDp3BukvEfwe0AJfHuwU4vdYrw3Ew8rL4=",
        "owner": "SmoxBoye",
        "repo": "myna",
        "rev": "7b462f763ff3108114fd0f0ec48dddece52d0790",
        "type": "github"
      },
      "original": {
        "owner": "SmoxBoye",
        "repo": "myna",
        "type": "github"
      }
    },
    "nix-cachyos-kernel": {
      "inputs": {
        "cachyos-kernel": "cachyos-kernel",
        "cachyos-kernel-patches": "cachyos-kernel-patches",
        "flake-compat": "flake-compat",
        "flake-parts": "flake-parts",
        "nixpkgs": "nixpkgs"
      },
      "locked": {
        "lastModified": 1771525883,
        "narHash": "sha256-XqDuaRbxLGno5HcWRE5lQrgMBeXXs6ncGq+R6eCvsq8=",
        "owner": "xddxdd",
        "repo": "nix-cachyos-kernel",
        "rev": "15fb6039dd248d478a8f3f7f6c067b206da2bf54",
        "type": "github"
      },
      "original": {
        "owner": "xddxdd",
        "ref": "release",
        "repo": "nix-cachyos-kernel",
        "type": "github"
      }
    },
    "nixpkgs": {
      "locked": {
        "lastModified": 1771482645,
        "narHash": "sha256-MpAKyXfJRDTgRU33Hja+G+3h9ywLAJJNRq4Pjbb4dQs=",
        "owner": "NixOS",
        "repo": "nixpkgs",
        "rev": "724cf38d99ba81fbb4a347081db93e2e3a9bc2ae",
        "type": "github"
      },
      "original": {
        "owner": "NixOS",
        "ref": "nixos-unstable-small",
        "repo": "nixpkgs",
        "type": "github"
      }
    },
    "nixpkgs-lib": {
      "locked": {
        "lastModified": 1769909678,
        "narHash": "sha256-cBEymOf4/o3FD5AZnzC3J9hLbiZ+QDT/KDuyHXVJOpM=",
        "owner": "nix-community",
        "repo": "nixpkgs.lib",
        "rev": "72716169fe93074c333e8d0173151350670b824c",
        "type": "github"
      },
      "original": {
        "owner": "nix-community",
        "repo": "nixpkgs.lib",
        "type": "github"
      }
    },
    "nixpkgs_2": {
      "locked": {
        "lastModified": 1771848320,
        "narHash": "sha256-0MAd+0mun3K/Ns8JATeHT1sX28faLII5hVLq0L3BdZU=",
        "owner": "NixOS",
        "repo": "nixpkgs",
        "rev": "2fc6539b481e1d2569f25f8799236694180c0993",
        "type": "github"
      },
      "original": {
        "owner": "NixOS",
        "ref": "nixos-unstable",
        "repo": "nixpkgs",
        "type": "github"
      }
    },
    "quickshell": {
      "inputs": {
        "nixpkgs": [
          "caelestia-shell",
          "nixpkgs"
        ]
      },
      "locked": {
        "lastModified": 1771926182,
        "narHash": "sha256-QbXuSLhiSxOq6ydBL3+KGe1aiYWBW+e3J6qjJZaRMq0=",
        "ref": "refs/heads/master",
        "rev": "cddb4f061bab495f4473ca5f2c571b6c710efef7",
        "revCount": 744,
        "type": "git",
        "url": "https://git.outfoxxed.me/outfoxxed/quickshell"
      },
      "original": {
        "type": "git",
        "url": "https://git.outfoxxed.me/outfoxxed/quickshell"
      }
    },
    "quickshell-package-manager": {
      "inputs": {
        "nixpkgs": [
          "nixpkgs"
        ],
        "quickshell": "quickshell_3"
      },
      "locked": {
        "lastModified": 1772179636,
        "narHash": "sha256-5BatvxCc/DAJNQhUtG9TkQ0GvdoiSmhZlp1rBA3vsZY=",
        "owner": "jesperls",
        "repo": "nix-quickshell-package-manager",
        "rev": "77dc9b23296a53815bc53e4bb57d5b81db8a1be8",
        "type": "github"
      },
      "original": {
        "owner": "jesperls",
        "repo": "nix-quickshell-package-manager",
        "type": "github"
      }
    },
    "quickshell_2": {
      "inputs": {
        "nixpkgs": [
          "myna",
          "nixpkgs"
        ]
      },
      "locked": {
        "lastModified": 1770693276,
        "narHash": "sha256-ngXnN5YXu+f45+QGYNN/VEBMQmcBCYGRCqwaK8cxY1s=",
        "ref": "refs/heads/master",
        "rev": "dacfa9de829ac7cb173825f593236bf2c21f637e",
        "revCount": 735,
        "type": "git",
        "url": "https://git.outfoxxed.me/outfoxxed/quickshell"
      },
      "original": {
        "type": "git",
        "url": "https://git.outfoxxed.me/outfoxxed/quickshell"
      }
    },
    "quickshell_3": {
      "inputs": {
        "nixpkgs": [
          "quickshell-package-manager",
          "nixpkgs"
        ]
      },
      "locked": {
        "lastModified": 1771926182,
        "narHash": "sha256-QbXuSLhiSxOq6ydBL3+KGe1aiYWBW+e3J6qjJZaRMq0=",
        "ref": "refs/heads/master",
        "rev": "cddb4f061bab495f4473ca5f2c571b6c710efef7",
        "revCount": 744,
        "type": "git",
        "url": "https://git.outfoxxed.me/outfoxxed/quickshell"
      },
      "original": {
        "type": "git",
        "url": "https://git.outfoxxed.me/outfoxxed/quickshell"
      }
    },
    "quickshell_4": {
      "inputs": {
        "nixpkgs": [
          "wallpaper-picker",
          "nixpkgs"
        ]
      },
      "locked": {
        "lastModified": 1771926182,
        "narHash": "sha256-QbXuSLhiSxOq6ydBL3+KGe1aiYWBW+e3J6qjJZaRMq0=",
        "ref": "refs/heads/master",
        "rev": "cddb4f061bab495f4473ca5f2c571b6c710efef7",
        "revCount": 744,
        "type": "git",
        "url": "https://git.outfoxxed.me/outfoxxed/quickshell"
      },
      "original": {
        "type": "git",
        "url": "https://git.outfoxxed.me/outfoxxed/quickshell"
      }
    },
    "root": {
      "inputs": {
        "caelestia-shell": "caelestia-shell",
        "deltatune": "deltatune",
        "home-manager": "home-manager",
        "myna": "myna",
        "nix-cachyos-kernel": "nix-cachyos-kernel",
        "nixpkgs": "nixpkgs_2",
        "quickshell-package-manager": "quickshell-package-manager",
        "spicetify-nix": "spicetify-nix",
        "wallpaper-picker": "wallpaper-picker"
      }
    },
    "spicetify-nix": {
      "inputs": {
        "nixpkgs": [
          "nixpkgs"
        ],
        "systems": "systems"
      },
      "locked": {
        "lastModified": 1771737804,
        "narHash": "sha256-7wn9qbzIQQgH8tnq4VwzuWEqEWpekuymlLyhY3vM/j8=",
        "owner": "Gerg-L",
        "repo": "spicetify-nix",
        "rev": "6dd43010ac2458cc56a6ac5250349b9217a7a2ae",
        "type": "github"
      },
      "original": {
        "owner": "Gerg-L",
        "repo": "spicetify-nix",
        "type": "github"
      }
    },
    "systems": {
      "locked": {
        "lastModified": 1681028828,
        "narHash": "sha256-Vy1rq5AaRuLzOxct8nz4T6wlgyUR7zLU309k9mBC768=",
        "owner": "nix-systems",
        "repo": "default",
        "rev": "da67096a3b9bf56a91d16901293e51ba5b49a27e",
        "type": "github"
      },
      "original": {
        "owner": "nix-systems",
        "repo": "default",
        "type": "github"
      }
    },
    "wallpaper-picker": {
      "inputs": {
        "nixpkgs": [
          "nixpkgs"
        ],
        "quickshell": "quickshell_4"
      },
      "locked": {
        "lastModified": 1772179650,
        "narHash": "sha256-IKwsKsFTH4GP1tYMrkcd+8Z96CO0EkzbYjR24dIWhF0=",
        "owner": "jesperls",
        "repo": "wallpaper-picker",
        "rev": "a3b775a49721dc0d1dec1d548e92dc5bd513b4d6",
        "type": "github"
      },
      "original": {
        "owner": "jesperls",
        "repo": "wallpaper-picker",
        "type": "github"
      }
    }
  },
  "root": "root",
  "version": 7
}
